
Microsoft Visual Studio Solution File, Format Version 12.00
# Visual Studio Version 17
VisualStudioVersion = 17.0.32112.339
MinimumVisualStudioVersion = 10.0.40219.1
Project("{FAE04EC0-301F-11D3-BF4B-00C04F79EFBC}") = "TrackerLibrary", "Tracker\TrackerLibrary.csproj", "{4412BA2E-282B-466D-B5AB-0926CFE1776D}"
EndProject
Project("{FAE04EC0-301F-11D3-BF4B-00C04F79EFBC}") = "TrackerUI", "TrackerUI\TrackerUI.csproj", "{A7398308-5C5E-4CF9-9803-10E807648635}"
EndProject
Global
	GlobalSection(SolutionConfigurationPlatforms) = preSolution
		Debug|Any CPU = Debug|Any CPU
		Release|Any CPU = Release|Any CPU
	EndGlobalSection
	GlobalSection(ProjectConfigurationPlatforms) = postSolution
		{4412BA2E-282B-466D-B5AB-0926CFE1776D}.Debug|Any CPU.ActiveCfg = Debug|Any CPU
		{4412BA2E-282B-466D-B5AB-0926CFE1776D}.Debug|Any CPU.Build.0 = Debug|Any CPU
		{4412BA2E-282B-466D-B5AB-0926CFE1776D}.Release|Any CPU.ActiveCfg = Release|Any CPU
		{4412BA2E-282B-466D-B5AB-0926CFE1776D}.Release|Any CPU.Build.0 = Release|Any CPU
		{A7398308-5C5E-4CF9-9803-10E807648635}.Debug|Any CPU.ActiveCfg = Debug|Any CPU
		{A7398308-5C5E-4CF9-9803-10E807648635}.Debug|Any CPU.Build.0 = Debug|Any CPU
		{A7398308-5C5E-4CF9-9803-10E807648635}.Release|Any CPU.ActiveCfg = Release|Any CPU
		{A7398308-5C5E-4CF9-9803-10E807648635}.Release|Any CPU.Build.0 = Release|Any CPU
	EndGlobalSection
	GlobalSection(SolutionProperties) = preSolution
		HideSolutionNode = FALSE
	EndGlobalSection
	GlobalSection(ExtensibilityGlobals) = postSolution
		SolutionGuid = {4B408485-8554-4F65-99E6-543D2535DA45}
	EndGlobalSection
EndGlobal
